
Microsoft Visual Studio Solution File, Format Version 12.00
# Visual Studio Version 16
VisualStudioVersion = 16.0.31025.194
MinimumVisualStudioVersion = 10.0.40219.1
Project("{FAE04EC0-301F-11D3-BF4B-00C04F79EFBC}") = "Iterator2", "Iterator2\Iterator2.csproj", "{4339BC65-E36B-4F90-A254-2ED45D573BF3}"
EndProject
Global
	GlobalSection(SolutionConfigurationPlatforms) = preSolution
		Debug|Any CPU = Debug|Any CPU
		Release|Any CPU = Release|Any CPU
	EndGlobalSection
	GlobalSection(ProjectConfigurationPlatforms) = postSolution
		{4339BC65-E36B-4F90-A254-2ED45D573BF3}.Debug|Any CPU.ActiveCfg = Debug|Any CPU
		{4339BC65-E36B-4F90-A254-2ED45D573BF3}.Debug|Any CPU.Build.0 = Debug|Any CPU
		{4339BC65-E36B-4F90-A254-2ED45D573BF3}.Release|Any CPU.ActiveCfg = Release|Any CPU
		{4339BC65-E36B-4F90-A254-2ED45D573BF3}.Release|Any CPU.Build.0 = Release|Any CPU
	EndGlobalSection
	GlobalSection(SolutionProperties) = preSolution
		HideSolutionNode = FALSE
	EndGlobalSection
	GlobalSection(ExtensibilityGlobals) = postSolution
		SolutionGuid = {C5B5D25D-C092-4226-AADC-FF4F8CE251C8}
	EndGlobalSection
EndGlobal
